<?xml version="1.0" encoding="utf-8"?>
<Project ToolsVersion="4.0" xmlns="http://schemas.microsoft.com/developer/msbuild/2003">
  <ItemGroup>
    <ClCompile Include="src\main.cpp">
      <Filter>Source Files</Filter>
    </ClCompile>
    <ClCompile Include="src\cubes\Cube.cpp">
      <Filter>Source Files\cubes</Filter>
    </ClCompile>
    <ClCompile Include="src\cubes\Facet.cpp">
      <Filter>Source Files\cubes</Filter>
    </ClCompile>
    <ClCompile Include="src\cubes\MarchingCubes.cpp">
      <Filter>Source Files\cubes</Filter>
    </ClCompile>
    <ClCompile Include="src\dicom\DICOM.cpp">
      <Filter>Source Files\dicom</Filter>
    </ClCompile>
    <ClCompile Include="src\dicom\MRIDICOM.cpp">
      <Filter>Source Files\dicom</Filter>
    </ClCompile>
    <ClCompile Include="src\dicom\Sequence.cpp">
      <Filter>Source Files\dicom</Filter>
    </ClCompile>
    <ClCompile Include="src\dicom\Tag.cpp">
      <Filter>Source Files\dicom</Filter>
    </ClCompile>
    <ClCompile Include="src\dicom\TagDictionary.cpp">
      <Filter>Source Files\dicom</Filter>
    </ClCompile>
    <ClCompile Include="src\stl\STL.cpp">
      <Filter>Source Files\stl</Filter>
    </ClCompile>
    <ClCompile Include="src\stl\STLWriter.cpp">
      <Filter>Source Files\stl</Filter>
    </ClCompile>
    <ClCompile Include="src\util\Matrix4.cpp">
      <Filter>Source Files\util</Filter>
    </ClCompile>
    <ClCompile Include="src\util\util.cpp">
      <Filter>Source Files\util</Filter>
    </ClCompile>
    <ClCompile Include="src\util\dicomparser\DICOMParser.cpp">
      <Filter>Source Files\util\dicomparser</Filter>
    </ClCompile>
    <ClCompile Include="src\dicom\DICOMImage.cpp">
      <Filter>Source Files\dicom</Filter>
    </ClCompile>
  </ItemGroup>
  <ItemGroup>
    <ClInclude Include="src\cubes\Cube.h">
      <Filter>Header Files\cubes</Filter>
    </ClInclude>
    <ClInclude Include="src\cubes\Facet.h">
      <Filter>Header Files\cubes</Filter>
    </ClInclude>
    <ClInclude Include="src\cubes\MarchingCubes.h">
      <Filter>Header Files\cubes</Filter>
    </ClInclude>
    <ClInclude Include="src\dicom\DICOM.h">
      <Filter>Header Files\dicom</Filter>
    </ClInclude>
    <ClInclude Include="src\dicom\TagDescription.h">
      <Filter>Header Files\dicom</Filter>
    </ClInclude>
    <ClInclude Include="src\dicom\TagDictionary.h">
      <Filter>Header Files\dicom</Filter>
    </ClInclude>
    <ClInclude Include="src\dicom\ValueRepresentation.h">
      <Filter>Header Files\dicom</Filter>
    </ClInclude>
    <ClInclude Include="src\dicom\MRIDICOM.h">
      <Filter>Header Files\dicom</Filter>
    </ClInclude>
    <ClInclude Include="src\stl\STL.h">
      <Filter>Header Files\stl</Filter>
    </ClInclude>
    <ClInclude Include="src\stl\STLWriter.h">
      <Filter>Header Files\stl</Filter>
    </ClInclude>
    <ClInclude Include="src\dicom\Tag.h">
      <Filter>Header Files\dicom</Filter>
    </ClInclude>
    <ClInclude Include="src\util\Matrix4.h">
      <Filter>Header Files\util</Filter>
    </ClInclude>
    <ClInclude Include="src\util\util.h">
      <Filter>Header Files\util</Filter>
    </ClInclude>
    <ClInclude Include="src\dicom\Sequence.h">
      <Filter>Header Files\dicom</Filter>
    </ClInclude>
    <ClInclude Include="src\util\dicomparser\DICOMParser.h">
      <Filter>Header Files\util\dicomparser</Filter>
    </ClInclude>
    <ClInclude Include="src\dicom\DICOMImage.h">
      <Filter>Header Files\dicom</Filter>
    </ClInclude>
  </ItemGroup>
  <ItemGroup>
    <Filter Include="Header Files">
      <UniqueIdentifier>{679f3b0c-399d-427b-a5a3-14deb45c2a83}</UniqueIdentifier>
    </Filter>
    <Filter Include="Source Files">
      <UniqueIdentifier>{5eb64353-3724-4dd5-9427-8cf2886615b6}</UniqueIdentifier>
    </Filter>
    <Filter Include="Header Files\cubes">
      <UniqueIdentifier>{a784da96-f94b-4474-814f-45203d43c566}</UniqueIdentifier>
    </Filter>
    <Filter Include="Header Files\dicom">
      <UniqueIdentifier>{ccbd9490-3137-4fc9-b003-8bf44fe0c782}</UniqueIdentifier>
    </Filter>
    <Filter Include="Header Files\stl">
      <UniqueIdentifier>{c65d6b02-74f0-41f9-85e8-807be715ca48}</UniqueIdentifier>
    </Filter>
    <Filter Include="Header Files\util">
      <UniqueIdentifier>{09d6929f-434e-40f3-a46f-fc26ca035e82}</UniqueIdentifier>
    </Filter>
    <Filter Include="Header Files\util\dicomparser">
      <UniqueIdentifier>{292f03d6-e570-462b-9a11-4259aa704275}</UniqueIdentifier>
    </Filter>
    <Filter Include="Source Files\cubes">
      <UniqueIdentifier>{40504a2d-e637-4e09-8c32-bf78f607e4bf}</UniqueIdentifier>
    </Filter>
    <Filter Include="Source Files\dicom">
      <UniqueIdentifier>{e97a179c-ff22-462f-91fa-aa4da867a481}</UniqueIdentifier>
    </Filter>
    <Filter Include="Source Files\stl">
      <UniqueIdentifier>{11220f3a-8040-4b4b-b4e9-8b613127d152}</UniqueIdentifier>
    </Filter>
    <Filter Include="Source Files\util">
      <UniqueIdentifier>{1194b9e8-bba1-470a-8909-edcf6b596840}</UniqueIdentifier>
    </Filter>
    <Filter Include="Source Files\util\dicomparser">
      <UniqueIdentifier>{c4f405ed-ff23-497e-9f37-88bc90f03828}</UniqueIdentifier>
    </Filter>
  </ItemGroup>
</Project>